// !$*UTF8*$!
{
	archiveVersion = 1;
	classes = {
	};
	objectVersion = 46;
	objects = {

/* Begin PBXBuildFile section */
		A6BF278422146E4700375E45 /* AppDelegate.swift in Sources */ = {isa = PBXBuildFile; fileRef = A6BF278322146E4700375E45 /* AppDelegate.swift */; };
		A6BF278622146E4700375E45 /* ViewController.swift in Sources */ = {isa = PBXBuildFile; fileRef = A6BF278522146E4700375E45 /* ViewController.swift */; };
		A6BF278922146E4700375E45 /* Main.storyboard in Resources */ = {isa = PBXBuildFile; fileRef = A6BF278722146E4700375E45 /* Main.storyboard */; };
		A6BF278B22146E4700375E45 /* Assets.xcassets in Resources */ = {isa = PBXBuildFile; fileRef = A6BF278A22146E4700375E45 /* Assets.xcassets */; };
		A6BF278E22146E4700375E45 /* LaunchScreen.storyboard in Resources */ = {isa = PBXBuildFile; fileRef = A6BF278C22146E4700375E45 /* LaunchScreen.storyboard */; };
		A6BF279922146E4700375E45 /* CalibrationScriptTests.swift in Sources */ = {isa = PBXBuildFile; fileRef = A6BF279822146E4700375E45 /* CalibrationScriptTests.swift */; };
		A6BF27A422146E4700375E45 /* CalibrationScriptUITests.swift in Sources */ = {isa = PBXBuildFile; fileRef = A6BF27A322146E4700375E45 /* CalibrationScriptUITests.swift */; };
/* End PBXBuildFile section */

/* Begin PBXContainerItemProxy section */
		A6BF279522146E4700375E45 /* PBXContainerItemProxy */ = {
			isa = PBXContainerItemProxy;
			containerPortal = A6BF277822146E4700375E45 /* Project object */;
			proxyType = 1;
			remoteGlobalIDString = A6BF277F22146E4700375E45;
			remoteInfo = CalibrationScript;
		};
		A6BF27A022146E4700375E45 /* PBXContainerItemProxy */ = {
			isa = PBXContainerItemProxy;
			containerPortal = A6BF277822146E4700375E45 /* Project object */;
			proxyType = 1;
			remoteGlobalIDString = A6BF277F22146E4700375E45;
			remoteInfo = CalibrationScript;
		};
/* End PBXContainerItemProxy section */

/* Begin PBXFileReference section */
		A6BF278022146E4700375E45 /* CalibrationScript.app */ = {isa = PBXFileReference; explicitFileType = wrapper.application; includeInIndex = 0; path = CalibrationScript.app; sourceTree = BUILT_PRODUCTS_DIR; };
		A6BF278322146E4700375E45 /* AppDelegate.swift */ = {isa = PBXFileReference; lastKnownFileType = sourcecode.swift; path = AppDelegate.swift; sourceTree = "<group>"; };
		A6BF278522146E4700375E45 /* ViewController.swift */ = {isa = PBXFileReference; lastKnownFileType = sourcecode.swift; path = ViewController.swift; sourceTree = "<group>"; };
		A6BF278822146E4700375E45 /* Base */ = {isa = PBXFileReference; lastKnownFileType = file.storyboard; name = Base; path = Base.lproj/Main.storyboard; sourceTree = "<group>"; };
		A6BF278A22146E4700375E45 /* Assets.xcassets */ = {isa = PBXFileReference; lastKnownFileType = folder.assetcatalog; path = Assets.xcassets; sourceTree = "<group>"; };
		A6BF278D22146E4700375E45 /* Base */ = {isa = PBXFileReference; lastKnownFileType = file.storyboard; name = Base; path = Base.lproj/LaunchScreen.storyboard; sourceTree = "<group>"; };
		A6BF278F22146E4700375E45 /* Info.plist */ = {isa = PBXFileReference; lastKnownFileType = text.plist.xml; path = Info.plist; sourceTree = "<group>"; };
		A6BF279422146E4700375E45 /* CalibrationScriptTests.xctest */ = {isa = PBXFileReference; explicitFileType = wrapper.cfbundle; includeInIndex = 0; path = CalibrationScriptTests.xctest; sourceTree = BUILT_PRODUCTS_DIR; };
		A6BF279822146E4700375E45 /* CalibrationScriptTests.swift */ = {isa = PBXFileReference; lastKnownFileType = sourcecode.swift; path = CalibrationScriptTests.swift; sourceTree = "<group>"; };
		A6BF279A22146E4700375E45 /* Info.plist */ = {isa = PBXFileReference; lastKnownFileType = text.plist.xml; path = Info.plist; sourceTree = "<group>"; };
		A6BF279F22146E4700375E45 /* CalibrationScriptUITests.xctest */ = {isa = PBXFileReference; explicitFileType = wrapper.cfbundle; includeInIndex = 0; path = CalibrationScriptUITests.xctest; sourceTree = BUILT_PRODUCTS_DIR; };
		A6BF27A322146E4700375E45 /* CalibrationScriptUITests.swift */ = {isa = PBXFileReference; lastKnownFileType = sourcecode.swift; path = CalibrationScriptUITests.swift; sourceTree = "<group>"; };
		A6BF27A522146E4700375E45 /* Info.plist */ = {isa = PBXFileReference; lastKnownFileType = text.plist.xml; path = Info.plist; sourceTree = "<group>"; };
/* End PBXFileReference section */

/* Begin PBXFrameworksBuildPhase section */
		A6BF277D22146E4700375E45 /* Frameworks */ = {
			isa = PBXFrameworksBuildPhase;
			buildActionMask = 2147483647;
			files = (
			);
			runOnlyForDeploymentPostprocessing = 0;
		};
		A6BF279122146E4700375E45 /* Frameworks */ = {
			isa = PBXFrameworksBuildPhase;
			buildActionMask = 2147483647;
			files = (
			);
			runOnlyForDeploymentPostprocessing = 0;
		};
		A6BF279C22146E4700375E45 /* Frameworks */ = {
			isa = PBXFrameworksBuildPhase;
			buildActionMask = 2147483647;
			files = (
			);
			runOnlyForDeploymentPostprocessing = 0;
		};
/* End PBXFrameworksBuildPhase section */

/* Begin PBXGroup section */
		A6BF277722146E4700375E45 = {
			isa = PBXGroup;
			children = (
				A6BF278222146E4700375E45 /* CalibrationScript */,
				A6BF279722146E4700375E45 /* CalibrationScriptTests */,
				A6BF27A222146E4700375E45 /* CalibrationScriptUITests */,
				A6BF278122146E4700375E45 /* Products */,
			);
			sourceTree = "<group>";
		};
		A6BF278122146E4700375E45 /* Products */ = {
			isa = PBXGroup;
			children = (
				A6BF278022146E4700375E45 /* CalibrationScript.app */,
				A6BF279422146E4700375E45 /* CalibrationScriptTests.xctest */,
				A6BF279F22146E4700375E45 /* CalibrationScriptUITests.xctest */,
			);
			name = Products;
			sourceTree = "<group>";
		};
		A6BF278222146E4700375E45 /* CalibrationScript */ = {
			isa = PBXGroup;
			children = (
				A6BF278322146E4700375E45 /* AppDelegate.swift */,
				A6BF278522146E4700375E45 /* ViewController.swift */,
				A6BF278722146E4700375E45 /* Main.storyboard */,
				A6BF278A22146E4700375E45 /* Assets.xcassets */,
				A6BF278C22146E4700375E45 /* LaunchScreen.storyboard */,
				A6BF278F22146E4700375E45 /* Info.plist */,
			);
			path = CalibrationScript;
			sourceTree = "<group>";
		};
		A6BF279722146E4700375E45 /* CalibrationScriptTests */ = {
			isa = PBXGroup;
			children = (
				A6BF279822146E4700375E45 /* CalibrationScriptTests.swift */,
				A6BF279A22146E4700375E45 /* Info.plist */,
			);
			path = CalibrationScriptTests;
			sourceTree = "<group>";
		};
		A6BF27A222146E4700375E45 /* CalibrationScriptUITests */ = {
			isa = PBXGroup;
			children = (
				A6BF27A322146E4700375E45 /* CalibrationScriptUITests.swift */,
				A6BF27A522146E4700375E45 /* Info.plist */,
			);
			path = CalibrationScriptUITests;
			sourceTree = "<group>";
		};
/* End PBXGroup section */

/* Begin PBXNativeTarget section */
		A6BF277F22146E4700375E45 /* CalibrationScript */ = {
			isa = PBXNativeTarget;
			buildConfigurationList = A6BF27A822146E4700375E45 /* Build configuration list for PBXNativeTarget "CalibrationScript" */;
			buildPhases = (
				A6BF277C22146E4700375E45 /* Sources */,
				A6BF277D22146E4700375E45 /* Frameworks */,
				A6BF277E22146E4700375E45 /* Resources */,
			);
			buildRules = (
			);
			dependencies = (
			);
			name = CalibrationScript;
			productName = CalibrationScript;
			productReference = A6BF278022146E4700375E45 /* CalibrationScript.app */;
			productType = "com.apple.product-type.application";
		};
		A6BF279322146E4700375E45 /* CalibrationScriptTests */ = {
			isa = PBXNativeTarget;
			buildConfigurationList = A6BF27AB22146E4700375E45 /* Build configuration list for PBXNativeTarget "CalibrationScriptTests" */;
			buildPhases = (
				A6BF279022146E4700375E45 /* Sources */,
				A6BF279122146E4700375E45 /* Frameworks */,
				A6BF279222146E4700375E45 /* Resources */,
			);
			buildRules = (
			);
			dependencies = (
				A6BF279622146E4700375E45 /* PBXTargetDependency */,
			);
			name = CalibrationScriptTests;
			productName = CalibrationScriptTests;
			productReference = A6BF279422146E4700375E45 /* CalibrationScriptTests.xctest */;
			productType = "com.apple.product-type.bundle.unit-test";
		};
		A6BF279E22146E4700375E45 /* CalibrationScriptUITests */ = {
			isa = PBXNativeTarget;
			buildConfigurationList = A6BF27AE22146E4700375E45 /* Build configuration list for PBXNativeTarget "CalibrationScriptUITests" */;
			buildPhases = (
				A6BF279B22146E4700375E45 /* Sources */,
				A6BF279C22146E4700375E45 /* Frameworks */,
				A6BF279D22146E4700375E45 /* Resources */,
			);
			buildRules = (
			);
			dependencies = (
				A6BF27A122146E4700375E45 /* PBXTargetDependency */,
			);
			name = CalibrationScriptUITests;
			productName = CalibrationScriptUITests;
			productReference = A6BF279F22146E4700375E45 /* CalibrationScriptUITests.xctest */;
			productType = "com.apple.product-type.bundle.ui-testing";
		};
/* End PBXNativeTarget section */

/* Begin PBXProject section */
		A6BF277822146E4700375E45 /* Project object */ = {
			isa = PBXProject;
			attributes = {
				LastSwiftUpdateCheck = 0800;
				LastUpgradeCheck = 0800;
				ORGANIZATIONNAME = "Tim Shepard";
				TargetAttributes = {
					A6BF277F22146E4700375E45 = {
						CreatedOnToolsVersion = 8.0;
						DevelopmentTeam = A5T2W2QU22;
						ProvisioningStyle = Automatic;
					};
					A6BF279322146E4700375E45 = {
						CreatedOnToolsVersion = 8.0;
						ProvisioningStyle = Automatic;
						TestTargetID = A6BF277F22146E4700375E45;
					};
					A6BF279E22146E4700375E45 = {
						CreatedOnToolsVersion = 8.0;
						ProvisioningStyle = Automatic;
						TestTargetID = A6BF277F22146E4700375E45;
					};
				};
			};
			buildConfigurationList = A6BF277B22146E4700375E45 /* Build configuration list for PBXProject "CalibrationScript" */;
			compatibilityVersion = "Xcode 3.2";
			developmentRegion = English;
			hasScannedForEncodings = 0;
			knownRegions = (
				en,
				Base,
			);
			mainGroup = A6BF277722146E4700375E45;
			productRefGroup = A6BF278122146E4700375E45 /* Products */;
			projectDirPath = "";
			projectRoot = "";
			targets = (
				A6BF277F22146E4700375E45 /* CalibrationScript */,
				A6BF279322146E4700375E45 /* CalibrationScriptTests */,
				A6BF279E22146E4700375E45 /* CalibrationScriptUITests */,
			);
		};
/* End PBXProject section */

/* Begin PBXResourcesBuildPhase section */
		A6BF277E22146E4700375E45 /* Resources */ = {
			isa = PBXResourcesBuildPhase;
			buildActionMask = 2147483647;
			files = (
				A6BF278E22146E4700375E45 /* LaunchScreen.storyboard in Resources */,
				A6BF278B22146E4700375E45 /* Assets.xcassets in Resources */,
				A6BF278922146E4700375E45 /* Main.storyboard in Resources */,
			);
			runOnlyForDeploymentPostprocessing = 0;
		};
		A6BF279222146E4700375E45 /* Resources */ = {
			isa = PBXResourcesBuildPhase;
			buildActionMask = 2147483647;
			files = (
			);
			runOnlyForDeploymentPostprocessing = 0;
		};
		A6BF279D22146E4700375E45 /* Resources */ = {
			isa = PBXResourcesBuildPhase;
			buildActionMask = 2147483647;
			files = (
			);
			runOnlyForDeploymentPostprocessing = 0;
		};
/* End PBXResourcesBuildPhase section */

/* Begin PBXSourcesBuildPhase section */
		A6BF277C22146E4700375E45 /* Sources */ = {
			isa = PBXSourcesBuildPhase;
			buildActionMask = 2147483647;
			files = (
				A6BF278622146E4700375E45 /* ViewController.swift in Sources */,
				A6BF278422146E4700375E45 /* AppDelegate.swift in Sources */,
			);
			runOnlyForDeploymentPostprocessing = 0;
		};
		A6BF279022146E4700375E45 /* Sources */ = {
			isa = PBXSourcesBuildPhase;
			buildActionMask = 2147483647;
			files = (
				A6BF279922146E4700375E45 /* CalibrationScriptTests.swift in Sources */,
			);
			runOnlyForDeploymentPostprocessing = 0;
		};
		A6BF279B22146E4700375E45 /* Sources */ = {
			isa = PBXSourcesBuildPhase;
			buildActionMask = 2147483647;
			files = (
				A6BF27A422146E4700375E45 /* CalibrationScriptUITests.swift in Sources */,
			);
			runOnlyForDeploymentPostprocessing = 0;
		};
/* End PBXSourcesBuildPhase section */

/* Begin PBXTargetDependency section */
		A6BF279622146E4700375E45 /* PBXTargetDependency */ = {
			isa = PBXTargetDependency;
			target = A6BF277F22146E4700375E45 /* CalibrationScript */;
			targetProxy = A6BF279522146E4700375E45 /* PBXContainerItemProxy */;
		};
		A6BF27A122146E4700375E45 /* PBXTargetDependency */ = {
			isa = PBXTargetDependency;
			target = A6BF277F22146E4700375E45 /* CalibrationScript */;
			targetProxy = A6BF27A022146E4700375E45 /* PBXContainerItemProxy */;
		};
/* End PBXTargetDependency section */

/* Begin PBXVariantGroup section */
		A6BF278722146E4700375E45 /* Main.storyboard */ = {
			isa = PBXVariantGroup;
			children = (
				A6BF278822146E4700375E45 /* Base */,
			);
			name = Main.storyboard;
			sourceTree = "<group>";
		};
		A6BF278C22146E4700375E45 /* LaunchScreen.storyboard */ = {
			isa = PBXVariantGroup;
			children = (
				A6BF278D22146E4700375E45 /* Base */,
			);
			name = LaunchScreen.storyboard;
			sourceTree = "<group>";
		};
/* End PBXVariantGroup section */

/* Begin XCBuildConfiguration section */
		A6BF27A622146E4700375E45 /* Debug */ = {
			isa = XCBuildConfiguration;
			buildSettings = {
				ALWAYS_SEARCH_USER_PATHS = NO;
				CLANG_ANALYZER_NONNULL = YES;
				CLANG_CXX_LANGUAGE_STANDARD = "gnu++0x";
				CLANG_CXX_LIBRARY = "libc++";
				CLANG_ENABLE_MODULES = YES;
				CLANG_ENABLE_OBJC_ARC = YES;
				CLANG_WARN_BOOL_CONVERSION = YES;
				CLANG_WARN_CONSTANT_CONVERSION = YES;
				CLANG_WARN_DIRECT_OBJC_ISA_USAGE = YES_ERROR;
				CLANG_WARN_DOCUMENTATION_COMMENTS = YES;
				CLANG_WARN_EMPTY_BODY = YES;
				CLANG_WARN_ENUM_CONVERSION = YES;
				CLANG_WARN_INFINITE_RECURSION = YES;
				CLANG_WARN_INT_CONVERSION = YES;
				CLANG_WARN_OBJC_ROOT_CLASS = YES_ERROR;
				CLANG_WARN_SUSPICIOUS_MOVES = YES;
				CLANG_WARN_UNREACHABLE_CODE = YES;
				CLANG_WARN__DUPLICATE_METHOD_MATCH = YES;
				"CODE_SIGN_IDENTITY[sdk=iphoneos*]" = "iPhone Developer";
				COPY_PHASE_STRIP = NO;
				DEBUG_INFORMATION_FORMAT = dwarf;
				ENABLE_STRICT_OBJC_MSGSEND = YES;
				ENABLE_TESTABILITY = YES;
				GCC_C_LANGUAGE_STANDARD = gnu99;
				GCC_DYNAMIC_NO_PIC = NO;
				GCC_NO_COMMON_BLOCKS = YES;
				GCC_OPTIMIZATION_LEVEL = 0;
				GCC_PREPROCESSOR_DEFINITIONS = (
					"DEBUG=1",
					"$(inherited)",
				);
				GCC_WARN_64_TO_32_BIT_CONVERSION = YES;
				GCC_WARN_ABOUT_RETURN_TYPE = YES_ERROR;
				GCC_WARN_UNDECLARED_SELECTOR = YES;
				GCC_WARN_UNINITIALIZED_AUTOS = YES_AGGRESSIVE;
				GCC_WARN_UNUSED_FUNCTION = YES;
				GCC_WARN_UNUSED_VARIABLE = YES;
				IPHONEOS_DEPLOYMENT_TARGET = 10.0;
				MTL_ENABLE_DEBUG_INFO = YES;
				ONLY_ACTIVE_ARCH = YES;
				SDKROOT = iphoneos;
				SWIFT_ACTIVE_COMPILATION_CONDITIONS = DEBUG;
				SWIFT_OPTIMIZATION_LEVEL = "-Onone";
				TARGETED_DEVICE_FAMILY = "1,2";
			};
			name = Debug;
		};
		A6BF27A722146E4700375E45 /* Release */ = {
			isa = XCBuildConfiguration;
			buildSettings = {
				ALWAYS_SEARCH_USER_PATHS = NO;
				CLANG_ANALYZER_NONNULL = YES;
				CLANG_CXX_LANGUAGE_STANDARD = "gnu++0x";
				CLANG_CXX_LIBRARY = "libc++";
				CLANG_ENABLE_MODULES = YES;
				CLANG_ENABLE_OBJC_ARC = YES;
				CLANG_WARN_BOOL_CONVERSION = YES;
				CLANG_WARN_CONSTANT_CONVERSION = YES;
				CLANG_WARN_DIRECT_OBJC_ISA_USAGE = YES_ERROR;
				CLANG_WARN_DOCUMENTATION_COMMENTS = YES;
				CLANG_WARN_EMPTY_BODY = YES;
				CLANG_WARN_ENUM_CONVERSION = YES;
				CLANG_WARN_INFINITE_RECURSION = YES;
				CLANG_WARN_INT_CONVERSION = YES;
				CLANG_WARN_OBJC_ROOT_CLASS = YES_ERROR;
				CLANG_WARN_SUSPICIOUS_MOVES = YES;
				CLANG_WARN_UNREACHABLE_CODE = YES;
				CLANG_WARN__DUPLICATE_METHOD_MATCH = YES;
				"CODE_SIGN_IDENTITY[sdk=iphoneos*]" = "iPhone Developer";
				COPY_PHASE_STRIP = NO;
				DEBUG_INFORMATION_FORMAT = "dwarf-with-dsym";
				ENABLE_NS_ASSERTIONS = NO;
				ENABLE_STRICT_OBJC_MSGSEND = YES;
				GCC_C_LANGUAGE_STANDARD = gnu99;
				GCC_NO_COMMON_BLOCKS = YES;
				GCC_WARN_64_TO_32_BIT_CONVERSION = YES;
				GCC_WARN_ABOUT_RETURN_TYPE = YES_ERROR;
				GCC_WARN_UNDECLARED_SELECTOR = YES;
				GCC_WARN_UNINITIALIZED_AUTOS = YES_AGGRESSIVE;
				GCC_WARN_UNUSED_FUNCTION = YES;
				GCC_WARN_UNUSED_VARIABLE = YES;
				IPHONEOS_DEPLOYMENT_TARGET = 10.0;
				MTL_ENABLE_DEBUG_INFO = NO;
				SDKROOT = iphoneos;
				SWIFT_OPTIMIZATION_LEVEL = "-Owholemodule";
				TARGETED_DEVICE_FAMILY = "1,2";
				VALIDATE_PRODUCT = YES;
			};
			name = Release;
		};
		A6BF27A922146E4700375E45 /* Debug */ = {
			isa = XCBuildConfiguration;
			buildSettings = {
				ASSETCATALOG_COMPILER_APPICON_NAME = AppIcon;
				"CODE_SIGN_IDENTITY[sdk=iphoneos*]" = "iPhone Developer";
				DEVELOPMENT_TEAM = A5T2W2QU22;
				INFOPLIST_FILE = CalibrationScript/Info.plist;
				IPHONEOS_DEPLOYMENT_TARGET = 9.3;
				LD_RUNPATH_SEARCH_PATHS = "$(inherited) @executable_path/Frameworks";
				PRODUCT_BUNDLE_IDENTIFIER = "com.Fun-app.CalibrationScript";
				PRODUCT_NAME = "$(TARGET_NAME)";
				SWIFT_VERSION = 3.0;
			};
			name = Debug;
		};
		A6BF27AA22146E4700375E45 /* Release */ = {
			isa = XCBuildConfiguration;
			buildSettings = {
				ASSETCATALOG_COMPILER_APPICON_NAME = AppIcon;
				"CODE_SIGN_IDENTITY[sdk=iphoneos*]" = "iPhone Developer";
				DEVELOPMENT_TEAM = A5T2W2QU22;
				INFOPLIST_FILE = CalibrationScript/Info.plist;
				IPHONEOS_DEPLOYMENT_TARGET = 9.3;
				LD_RUNPATH_SEARCH_PATHS = "$(inherited) @executable_path/Frameworks";
				PRODUCT_BUNDLE_IDENTIFIER = "com.Fun-app.CalibrationScript";
				PRODUCT_NAME = "$(TARGET_NAME)";
				SWIFT_VERSION = 3.0;
			};
			name = Release;
		};
		A6BF27AC22146E4700375E45 /* Debug */ = {
			isa = XCBuildConfiguration;
			buildSettings = {
				ALWAYS_EMBED_SWIFT_STANDARD_LIBRARIES = YES;
				BUNDLE_LOADER = "$(TEST_HOST)";
				INFOPLIST_FILE = CalibrationScriptTests/Info.plist;
				LD_RUNPATH_SEARCH_PATHS = "$(inherited) @executable_path/Frameworks @loader_path/Frameworks";
				PRODUCT_BUNDLE_IDENTIFIER = "com.Fun-app.CalibrationScriptTests";
				PRODUCT_NAME = "$(TARGET_NAME)";
				SWIFT_VERSION = 3.0;
				TEST_HOST = "$(BUILT_PRODUCTS_DIR)/CalibrationScript.app/CalibrationScript";
			};
			name = Debug;
		};
		A6BF27AD22146E4700375E45 /* Release */ = {
			isa = XCBuildConfiguration;
			buildSettings = {
				ALWAYS_EMBED_SWIFT_STANDARD_LIBRARIES = YES;
				BUNDLE_LOADER = "$(TEST_HOST)";
				INFOPLIST_FILE = CalibrationScriptTests/Info.plist;
				LD_RUNPATH_SEARCH_PATHS = "$(inherited) @executable_path/Frameworks @loader_path/Frameworks";
				PRODUCT_BUNDLE_IDENTIFIER = "com.Fun-app.CalibrationScriptTests";
				PRODUCT_NAME = "$(TARGET_NAME)";
				SWIFT_VERSION = 3.0;
				TEST_HOST = "$(BUILT_PRODUCTS_DIR)/CalibrationScript.app/CalibrationScript";
			};
			name = Release;
		};
		A6BF27AF22146E4700375E45 /* Debug */ = {
			isa = XCBuildConfiguration;
			buildSettings = {
				ALWAYS_EMBED_SWIFT_STANDARD_LIBRARIES = YES;
				INFOPLIST_FILE = CalibrationScriptUITests/Info.plist;
				LD_RUNPATH_SEARCH_PATHS = "$(inherited) @executable_path/Frameworks @loader_path/Frameworks";
				PRODUCT_BUNDLE_IDENTIFIER = "com.Fun-app.CalibrationScriptUITests";
				PRODUCT_NAME = "$(TARGET_NAME)";
				SWIFT_VERSION = 3.0;
				TEST_TARGET_NAME = CalibrationScript;
			};
			name = Debug;
		};
		A6BF27B022146E4700375E45 /* Release */ = {
			isa = XCBuildConfiguration;
			buildSettings = {
				ALWAYS_EMBED_SWIFT_STANDARD_LIBRARIES = YES;
				INFOPLIST_FILE = CalibrationScriptUITests/Info.plist;
				LD_RUNPATH_SEARCH_PATHS = "$(inherited) @executable_path/Frameworks @loader_path/Frameworks";
				PRODUCT_BUNDLE_IDENTIFIER = "com.Fun-app.CalibrationScriptUITests";
				PRODUCT_NAME = "$(TARGET_NAME)";
				SWIFT_VERSION = 3.0;
				TEST_TARGET_NAME = CalibrationScript;
			};
			name = Release;
		};
/* End XCBuildConfiguration section */

/* Begin XCConfigurationList section */
		A6BF277B22146E4700375E45 /* Build configuration list for PBXProject "CalibrationScript" */ = {
			isa = XCConfigurationList;
			buildConfigurations = (
				A6BF27A622146E4700375E45 /* Debug */,
				A6BF27A722146E4700375E45 /* Release */,
			);
			defaultConfigurationIsVisible = 0;
			defaultConfigurationName = Release;
		};
		A6BF27A822146E4700375E45 /* Build configuration list for PBXNativeTarget "CalibrationScript" */ = {
			isa = XCConfigurationList;
			buildConfigurations = (
				A6BF27A922146E4700375E45 /* Debug */,
				A6BF27AA22146E4700375E45 /* Release */,
			);
			defaultConfigurationIsVisible = 0;
			defaultConfigurationName = Release;
		};
		A6BF27AB22146E4700375E45 /* Build configuration list for PBXNativeTarget "CalibrationScriptTests" */ = {
			isa = XCConfigurationList;
			buildConfigurations = (
				A6BF27AC22146E4700375E45 /* Debug */,
				A6BF27AD22146E4700375E45 /* Release */,
			);
			defaultConfigurationIsVisible = 0;
			defaultConfigurationName = Release;
		};
		A6BF27AE22146E4700375E45 /* Build configuration list for PBXNativeTarget "CalibrationScriptUITests" */ = {
			isa = XCConfigurationList;
			buildConfigurations = (
				A6BF27AF22146E4700375E45 /* Debug */,
				A6BF27B022146E4700375E45 /* Release */,
			);
			defaultConfigurationIsVisible = 0;
			defaultConfigurationName = Release;
		};
/* End XCConfigurationList section */
	};
	rootObject = A6BF277822146E4700375E45 /* Project object */;
}
